
Microsoft Visual Studio Solution File, Format Version 12.00
# Visual Studio Version 17
VisualStudioVersion = 17.0.31903.59
MinimumVisualStudioVersion = 10.0.40219.1
Project("{2150E333-8FDC-42A3-9474-1A3956D46DE8}") = "Shared", "Shared", "{4F52FD11-658E-A102-6CD3-7D7C16FFA15B}"
EndProject
Project("{FAE04EC0-301F-11D3-BF4B-00C04F79EFBC}") = "VYUH.Shared.Contracts", "Shared\VYUH.Shared.Contracts\VYUH.Shared.Contracts.csproj", "{36D88302-AC8A-4206-B8E4-A3F28F10F5DD}"
EndProject
Project("{2150E333-8FDC-42A3-9474-1A3956D46DE8}") = "Services", "Services", "{5854FF58-B8C5-05C6-5BF2-ACE42193F22B}"
EndProject
Project("{2150E333-8FDC-42A3-9474-1A3956D46DE8}") = "Gateway", "Gateway", "{96888889-FC81-1FD9-7DA3-65FF32B7E052}"
EndProject
Project("{FAE04EC0-301F-11D3-BF4B-00C04F79EFBC}") = "VYUH.Gateway.Api", "Services\Gateway\VYUH.Gateway.Api\VYUH.Gateway.Api.csproj", "{6618F043-80CE-416F-A441-A7FC0F8D586D}"
EndProject
Project("{FAE04EC0-301F-11D3-BF4B-00C04F79EFBC}") = "VYUH.Gateway.Application", "Services\Gateway\VYUH.Gateway.Application\VYUH.Gateway.Application.csproj", "{9DD0DCCC-7100-4260-89EA-B4F2862CFB12}"
EndProject
Project("{FAE04EC0-301F-11D3-BF4B-00C04F79EFBC}") = "VYUH.Gateway.Domain", "Services\Gateway\VYUH.Gateway.Domain\VYUH.Gateway.Domain.csproj", "{9478BF78-A592-454B-955F-0489E3A4139D}"
EndProject
Project("{FAE04EC0-301F-11D3-BF4B-00C04F79EFBC}") = "VYUH.Gateway.Infrastructure", "Services\Gateway\VYUH.Gateway.Infrastructure\VYUH.Gateway.Infrastructure.csproj", "{6AC384B0-66F8-4F5E-929E-9D93DBC5E9C4}"
EndProject
Project("{2150E333-8FDC-42A3-9474-1A3956D46DE8}") = "Ingestion", "Ingestion", "{31FA815E-F168-7AB5-A26E-1E1772BBBCDE}"
EndProject
Project("{FAE04EC0-301F-11D3-BF4B-00C04F79EFBC}") = "VYUH.Ingestion.Api", "Services\Ingestion\VYUH.Ingestion.Api\VYUH.Ingestion.Api.csproj", "{1C26DA04-E8B0-4D4E-ABDE-FF55C5B34B68}"
EndProject
Project("{FAE04EC0-301F-11D3-BF4B-00C04F79EFBC}") = "VYUH.Ingestion.Application", "Services\Ingestion\VYUH.Ingestion.Application\VYUH.Ingestion.Application.csproj", "{6B09094E-9E07-43EE-8303-B2678D49D03F}"
EndProject
Project("{FAE04EC0-301F-11D3-BF4B-00C04F79EFBC}") = "VYUH.Ingestion.Domain", "Services\Ingestion\VYUH.Ingestion.Domain\VYUH.Ingestion.Domain.csproj", "{24D7872D-1DEE-49A9-A82D-A754F30F11A5}"
EndProject
Project("{FAE04EC0-301F-11D3-BF4B-00C04F79EFBC}") = "VYUH.Ingestion.Infrastructure", "Services\Ingestion\VYUH.Ingestion.Infrastructure\VYUH.Ingestion.Infrastructure.csproj", "{CD8BBF78-F19B-4E23-9508-809CE5DC0C75}"
EndProject
Project("{2150E333-8FDC-42A3-9474-1A3956D46DE8}") = "Optimizer", "Optimizer", "{16BB7A42-BB31-4992-D7A5-5FE8F1DC5C4F}"
EndProject
Project("{FAE04EC0-301F-11D3-BF4B-00C04F79EFBC}") = "VYUH.Optimizer.Api", "Services\Optimizer\VYUH.Optimizer.Api\VYUH.Optimizer.Api.csproj", "{8D361AC7-E654-4707-9835-49A4C6D4C1FC}"
EndProject
Project("{FAE04EC0-301F-11D3-BF4B-00C04F79EFBC}") = "VYUH.Optimizer.Application", "Services\Optimizer\VYUH.Optimizer.Application\VYUH.Optimizer.Application.csproj", "{D4647B49-2CC4-4048-A9D3-57D1AE7C435E}"
EndProject
Project("{FAE04EC0-301F-11D3-BF4B-00C04F79EFBC}") = "VYUH.Optimizer.Domain", "Services\Optimizer\VYUH.Optimizer.Domain\VYUH.Optimizer.Domain.csproj", "{ADC8BCA8-B0D2-4AFD-937C-DCD50EF75EC9}"
EndProject
Project("{FAE04EC0-301F-11D3-BF4B-00C04F79EFBC}") = "VYUH.Optimizer.Infrastructure", "Services\Optimizer\VYUH.Optimizer.Infrastructure\VYUH.Optimizer.Infrastructure.csproj", "{4248D77C-00A6-4DCF-97C4-656E543A573B}"
EndProject
Project("{2150E333-8FDC-42A3-9474-1A3956D46DE8}") = "Risk", "Risk", "{FB716142-CC49-DC54-6F89-8C8D1C4C27A9}"
EndProject
Project("{FAE04EC0-301F-11D3-BF4B-00C04F79EFBC}") = "VYUH.Risk.Api", "Services\Risk\VYUH.Risk.Api\VYUH.Risk.Api.csproj", "{B901433A-D9CD-4FF6-9DA8-73152C448CA1}"
EndProject
Project("{FAE04EC0-301F-11D3-BF4B-00C04F79EFBC}") = "VYUH.Risk.Application", "Services\Risk\VYUH.Risk.Application\VYUH.Risk.Application.csproj", "{3EBBFF2F-DFAA-417D-BF22-A6F0323B0CE6}"
EndProject
Project("{FAE04EC0-301F-11D3-BF4B-00C04F79EFBC}") = "VYUH.Risk.Domain", "Services\Risk\VYUH.Risk.Domain\VYUH.Risk.Domain.csproj", "{579888FE-0559-4D8D-8EA8-6D453E9553E0}"
EndProject
Project("{FAE04EC0-301F-11D3-BF4B-00C04F79EFBC}") = "VYUH.Risk.Infrastructure", "Services\Risk\VYUH.Risk.Infrastructure\VYUH.Risk.Infrastructure.csproj", "{794B94F2-B840-45DE-9A75-40C9475CCB6F}"
EndProject
Project("{FAE04EC0-301F-11D3-BF4B-00C04F79EFBC}") = "VYUH.Gateway.UnitTests", "..\tests\VYUH.Gateway.UnitTests\VYUH.Gateway.UnitTests.csproj", "{0870AF37-32A5-48A4-93C5-450736B8756F}"
EndProject
Project("{FAE04EC0-301F-11D3-BF4B-00C04F79EFBC}") = "VYUH.Ingestion.UnitTests", "..\tests\VYUH.Ingestion.UnitTests\VYUH.Ingestion.UnitTests.csproj", "{C9D9F253-DFAF-4817-B79C-D68D684F2CF0}"
EndProject
Project("{FAE04EC0-301F-11D3-BF4B-00C04F79EFBC}") = "VYUH.Optimizer.UnitTests", "..\tests\VYUH.Optimizer.UnitTests\VYUH.Optimizer.UnitTests.csproj", "{F211935A-0B9E-4826-8B38-A757DC759E9B}"
EndProject
Project("{FAE04EC0-301F-11D3-BF4B-00C04F79EFBC}") = "VYUH.Risk.UnitTests", "..\tests\VYUH.Risk.UnitTests\VYUH.Risk.UnitTests.csproj", "{F09DDE46-E9F1-442F-963B-342832026CAC}"
EndProject
Global
	GlobalSection(SolutionConfigurationPlatforms) = preSolution
		Debug|Any CPU = Debug|Any CPU
		Debug|x64 = Debug|x64
		Debug|x86 = Debug|x86
		Release|Any CPU = Release|Any CPU
		Release|x64 = Release|x64
		Release|x86 = Release|x86
	EndGlobalSection
	GlobalSection(ProjectConfigurationPlatforms) = postSolution
		{36D88302-AC8A-4206-B8E4-A3F28F10F5DD}.Debug|Any CPU.ActiveCfg = Debug|Any CPU
		{36D88302-AC8A-4206-B8E4-A3F28F10F5DD}.Debug|Any CPU.Build.0 = Debug|Any CPU
		{36D88302-AC8A-4206-B8E4-A3F28F10F5DD}.Debug|x64.ActiveCfg = Debug|Any CPU
		{36D88302-AC8A-4206-B8E4-A3F28F10F5DD}.Debug|x64.Build.0 = Debug|Any CPU
		{36D88302-AC8A-4206-B8E4-A3F28F10F5DD}.Debug|x86.ActiveCfg = Debug|Any CPU
		{36D88302-AC8A-4206-B8E4-A3F28F10F5DD}.Debug|x86.Build.0 = Debug|Any CPU
		{36D88302-AC8A-4206-B8E4-A3F28F10F5DD}.Release|Any CPU.ActiveCfg = Release|Any CPU
		{36D88302-AC8A-4206-B8E4-A3F28F10F5DD}.Release|Any CPU.Build.0 = Release|Any CPU
		{36D88302-AC8A-4206-B8E4-A3F28F10F5DD}.Release|x64.ActiveCfg = Release|Any CPU
		{36D88302-AC8A-4206-B8E4-A3F28F10F5DD}.Release|x64.Build.0 = Release|Any CPU
		{36D88302-AC8A-4206-B8E4-A3F28F10F5DD}.Release|x86.ActiveCfg = Release|Any CPU
		{36D88302-AC8A-4206-B8E4-A3F28F10F5DD}.Release|x86.Build.0 = Release|Any CPU
		{6618F043-80CE-416F-A441-A7FC0F8D586D}.Debug|Any CPU.ActiveCfg = Debug|Any CPU
		{6618F043-80CE-416F-A441-A7FC0F8D586D}.Debug|Any CPU.Build.0 = Debug|Any CPU
		{6618F043-80CE-416F-A441-A7FC0F8D586D}.Debug|x64.ActiveCfg = Debug|Any CPU
		{6618F043-80CE-416F-A441-A7FC0F8D586D}.Debug|x64.Build.0 = Debug|Any CPU
		{6618F043-80CE-416F-A441-A7FC0F8D586D}.Debug|x86.ActiveCfg = Debug|Any CPU
		{6618F043-80CE-416F-A441-A7FC0F8D586D}.Debug|x86.Build.0 = Debug|Any CPU
		{6618F043-80CE-416F-A441-A7FC0F8D586D}.Release|Any CPU.ActiveCfg = Release|Any CPU
		{6618F043-80CE-416F-A441-A7FC0F8D586D}.Release|Any CPU.Build.0 = Release|Any CPU
		{6618F043-80CE-416F-A441-A7FC0F8D586D}.Release|x64.ActiveCfg = Release|Any CPU
		{6618F043-80CE-416F-A441-A7FC0F8D586D}.Release|x64.Build.0 = Release|Any CPU
		{6618F043-80CE-416F-A441-A7FC0F8D586D}.Release|x86.ActiveCfg = Release|Any CPU
		{6618F043-80CE-416F-A441-A7FC0F8D586D}.Release|x86.Build.0 = Release|Any CPU
		{9DD0DCCC-7100-4260-89EA-B4F2862CFB12}.Debug|Any CPU.ActiveCfg = Debug|Any CPU
		{9DD0DCCC-7100-4260-89EA-B4F2862CFB12}.Debug|Any CPU.Build.0 = Debug|Any CPU
		{9DD0DCCC-7100-4260-89EA-B4F2862CFB12}.Debug|x64.ActiveCfg = Debug|Any CPU
		{9DD0DCCC-7100-4260-89EA-B4F2862CFB12}.Debug|x64.Build.0 = Debug|Any CPU
		{9DD0DCCC-7100-4260-89EA-B4F2862CFB12}.Debug|x86.ActiveCfg = Debug|Any CPU
		{9DD0DCCC-7100-4260-89EA-B4F2862CFB12}.Debug|x86.Build.0 = Debug|Any CPU
		{9DD0DCCC-7100-4260-89EA-B4F2862CFB12}.Release|Any CPU.ActiveCfg = Release|Any CPU
		{9DD0DCCC-7100-4260-89EA-B4F2862CFB12}.Release|Any CPU.Build.0 = Release|Any CPU
		{9DD0DCCC-7100-4260-89EA-B4F2862CFB12}.Release|x64.ActiveCfg = Release|Any CPU
		{9DD0DCCC-7100-4260-89EA-B4F2862CFB12}.Release|x64.Build.0 = Release|Any CPU
		{9DD0DCCC-7100-4260-89EA-B4F2862CFB12}.Release|x86.ActiveCfg = Release|Any CPU
		{9DD0DCCC-7100-4260-89EA-B4F2862CFB12}.Release|x86.Build.0 = Release|Any CPU
		{9478BF78-A592-454B-955F-0489E3A4139D}.Debug|Any CPU.ActiveCfg = Debug|Any CPU
		{9478BF78-A592-454B-955F-0489E3A4139D}.Debug|Any CPU.Build.0 = Debug|Any CPU
		{9478BF78-A592-454B-955F-0489E3A4139D}.Debug|x64.ActiveCfg = Debug|Any CPU
		{9478BF78-A592-454B-955F-0489E3A4139D}.Debug|x64.Build.0 = Debug|Any CPU
		{9478BF78-A592-454B-955F-0489E3A4139D}.Debug|x86.ActiveCfg = Debug|Any CPU
		{9478BF78-A592-454B-955F-0489E3A4139D}.Debug|x86.Build.0 = Debug|Any CPU
		{9478BF78-A592-454B-955F-0489E3A4139D}.Release|Any CPU.ActiveCfg = Release|Any CPU
		{9478BF78-A592-454B-955F-0489E3A4139D}.Release|Any CPU.Build.0 = Release|Any CPU
		{9478BF78-A592-454B-955F-0489E3A4139D}.Release|x64.ActiveCfg = Release|Any CPU
		{9478BF78-A592-454B-955F-0489E3A4139D}.Release|x64.Build.0 = Release|Any CPU
		{9478BF78-A592-454B-955F-0489E3A4139D}.Release|x86.ActiveCfg = Release|Any CPU
		{9478BF78-A592-454B-955F-0489E3A4139D}.Release|x86.Build.0 = Release|Any CPU
		{6AC384B0-66F8-4F5E-929E-9D93DBC5E9C4}.Debug|Any CPU.ActiveCfg = Debug|Any CPU
		{6AC384B0-66F8-4F5E-929E-9D93DBC5E9C4}.Debug|Any CPU.Build.0 = Debug|Any CPU
		{6AC384B0-66F8-4F5E-929E-9D93DBC5E9C4}.Debug|x64.ActiveCfg = Debug|Any CPU
		{6AC384B0-66F8-4F5E-929E-9D93DBC5E9C4}.Debug|x64.Build.0 = Debug|Any CPU
		{6AC384B0-66F8-4F5E-929E-9D93DBC5E9C4}.Debug|x86.ActiveCfg = Debug|Any CPU
		{6AC384B0-66F8-4F5E-929E-9D93DBC5E9C4}.Debug|x86.Build.0 = Debug|Any CPU
		{6AC384B0-66F8-4F5E-929E-9D93DBC5E9C4}.Release|Any CPU.ActiveCfg = Release|Any CPU
		{6AC384B0-66F8-4F5E-929E-9D93DBC5E9C4}.Release|Any CPU.Build.0 = Release|Any CPU
		{6AC384B0-66F8-4F5E-929E-9D93DBC5E9C4}.Release|x64.ActiveCfg = Release|Any CPU
		{6AC384B0-66F8-4F5E-929E-9D93DBC5E9C4}.Release|x64.Build.0 = Release|Any CPU
		{6AC384B0-66F8-4F5E-929E-9D93DBC5E9C4}.Release|x86.ActiveCfg = Release|Any CPU
		{6AC384B0-66F8-4F5E-929E-9D93DBC5E9C4}.Release|x86.Build.0 = Release|Any CPU
		{1C26DA04-E8B0-4D4E-ABDE-FF55C5B34B68}.Debug|Any CPU.ActiveCfg = Debug|Any CPU
		{1C26DA04-E8B0-4D4E-ABDE-FF55C5B34B68}.Debug|Any CPU.Build.0 = Debug|Any CPU
		{1C26DA04-E8B0-4D4E-ABDE-FF55C5B34B68}.Debug|x64.ActiveCfg = Debug|Any CPU
		{1C26DA04-E8B0-4D4E-ABDE-FF55C5B34B68}.Debug|x64.Build.0 = Debug|Any CPU
		{1C26DA04-E8B0-4D4E-ABDE-FF55C5B34B68}.Debug|x86.ActiveCfg = Debug|Any CPU
		{1C26DA04-E8B0-4D4E-ABDE-FF55C5B34B68}.Debug|x86.Build.0 = Debug|Any CPU
		{1C26DA04-E8B0-4D4E-ABDE-FF55C5B34B68}.Release|Any CPU.ActiveCfg = Release|Any CPU
		{1C26DA04-E8B0-4D4E-ABDE-FF55C5B34B68}.Release|Any CPU.Build.0 = Release|Any CPU
		{1C26DA04-E8B0-4D4E-ABDE-FF55C5B34B68}.Release|x64.ActiveCfg = Release|Any CPU
		{1C26DA04-E8B0-4D4E-ABDE-FF55C5B34B68}.Release|x64.Build.0 = Release|Any CPU
		{1C26DA04-E8B0-4D4E-ABDE-FF55C5B34B68}.Release|x86.ActiveCfg = Release|Any CPU
		{1C26DA04-E8B0-4D4E-ABDE-FF55C5B34B68}.Release|x86.Build.0 = Release|Any CPU
		{6B09094E-9E07-43EE-8303-B2678D49D03F}.Debug|Any CPU.ActiveCfg = Debug|Any CPU
		{6B09094E-9E07-43EE-8303-B2678D49D03F}.Debug|Any CPU.Build.0 = Debug|Any CPU
		{6B09094E-9E07-43EE-8303-B2678D49D03F}.Debug|x64.ActiveCfg = Debug|Any CPU
		{6B09094E-9E07-43EE-8303-B2678D49D03F}.Debug|x64.Build.0 = Debug|Any CPU
		{6B09094E-9E07-43EE-8303-B2678D49D03F}.Debug|x86.ActiveCfg = Debug|Any CPU
		{6B09094E-9E07-43EE-8303-B2678D49D03F}.Debug|x86.Build.0 = Debug|Any CPU
		{6B09094E-9E07-43EE-8303-B2678D49D03F}.Release|Any CPU.ActiveCfg = Release|Any CPU
		{6B09094E-9E07-43EE-8303-B2678D49D03F}.Release|Any CPU.Build.0 = Release|Any CPU
		{6B09094E-9E07-43EE-8303-B2678D49D03F}.Release|x64.ActiveCfg = Release|Any CPU
		{6B09094E-9E07-43EE-8303-B2678D49D03F}.Release|x64.Build.0 = Release|Any CPU
		{6B09094E-9E07-43EE-8303-B2678D49D03F}.Release|x86.ActiveCfg = Release|Any CPU
		{6B09094E-9E07-43EE-8303-B2678D49D03F}.Release|x86.Build.0 = Release|Any CPU
		{24D7872D-1DEE-49A9-A82D-A754F30F11A5}.Debug|Any CPU.ActiveCfg = Debug|Any CPU
		{24D7872D-1DEE-49A9-A82D-A754F30F11A5}.Debug|Any CPU.Build.0 = Debug|Any CPU
		{24D7872D-1DEE-49A9-A82D-A754F30F11A5}.Debug|x64.ActiveCfg = Debug|Any CPU
		{24D7872D-1DEE-49A9-A82D-A754F30F11A5}.Debug|x64.Build.0 = Debug|Any CPU
		{24D7872D-1DEE-49A9-A82D-A754F30F11A5}.Debug|x86.ActiveCfg = Debug|Any CPU
		{24D7872D-1DEE-49A9-A82D-A754F30F11A5}.Debug|x86.Build.0 = Debug|Any CPU
		{24D7872D-1DEE-49A9-A82D-A754F30F11A5}.Release|Any CPU.ActiveCfg = Release|Any CPU
		{24D7872D-1DEE-49A9-A82D-A754F30F11A5}.Release|Any CPU.Build.0 = Release|Any CPU
		{24D7872D-1DEE-49A9-A82D-A754F30F11A5}.Release|x64.ActiveCfg = Release|Any CPU
		{24D7872D-1DEE-49A9-A82D-A754F30F11A5}.Release|x64.Build.0 = Release|Any CPU
		{24D7872D-1DEE-49A9-A82D-A754F30F11A5}.Release|x86.ActiveCfg = Release|Any CPU
		{24D7872D-1DEE-49A9-A82D-A754F30F11A5}.Release|x86.Build.0 = Release|Any CPU
		{CD8BBF78-F19B-4E23-9508-809CE5DC0C75}.Debug|Any CPU.ActiveCfg = Debug|Any CPU
		{CD8BBF78-F19B-4E23-9508-809CE5DC0C75}.Debug|Any CPU.Build.0 = Debug|Any CPU
		{CD8BBF78-F19B-4E23-9508-809CE5DC0C75}.Debug|x64.ActiveCfg = Debug|Any CPU
		{CD8BBF78-F19B-4E23-9508-809CE5DC0C75}.Debug|x64.Build.0 = Debug|Any CPU
		{CD8BBF78-F19B-4E23-9508-809CE5DC0C75}.Debug|x86.ActiveCfg = Debug|Any CPU
		{CD8BBF78-F19B-4E23-9508-809CE5DC0C75}.Debug|x86.Build.0 = Debug|Any CPU
		{CD8BBF78-F19B-4E23-9508-809CE5DC0C75}.Release|Any CPU.ActiveCfg = Release|Any CPU
		{CD8BBF78-F19B-4E23-9508-809CE5DC0C75}.Release|Any CPU.Build.0 = Release|Any CPU
		{CD8BBF78-F19B-4E23-9508-809CE5DC0C75}.Release|x64.ActiveCfg = Release|Any CPU
		{CD8BBF78-F19B-4E23-9508-809CE5DC0C75}.Release|x64.Build.0 = Release|Any CPU
		{CD8BBF78-F19B-4E23-9508-809CE5DC0C75}.Release|x86.ActiveCfg = Release|Any CPU
		{CD8BBF78-F19B-4E23-9508-809CE5DC0C75}.Release|x86.Build.0 = Release|Any CPU
		{8D361AC7-E654-4707-9835-49A4C6D4C1FC}.Debug|Any CPU.ActiveCfg = Debug|Any CPU
		{8D361AC7-E654-4707-9835-49A4C6D4C1FC}.Debug|Any CPU.Build.0 = Debug|Any CPU
		{8D361AC7-E654-4707-9835-49A4C6D4C1FC}.Debug|x64.ActiveCfg = Debug|Any CPU
		{8D361AC7-E654-4707-9835-49A4C6D4C1FC}.Debug|x64.Build.0 = Debug|Any CPU
		{8D361AC7-E654-4707-9835-49A4C6D4C1FC}.Debug|x86.ActiveCfg = Debug|Any CPU
		{8D361AC7-E654-4707-9835-49A4C6D4C1FC}.Debug|x86.Build.0 = Debug|Any CPU
		{8D361AC7-E654-4707-9835-49A4C6D4C1FC}.Release|Any CPU.ActiveCfg = Release|Any CPU
		{8D361AC7-E654-4707-9835-49A4C6D4C1FC}.Release|Any CPU.Build.0 = Release|Any CPU
		{8D361AC7-E654-4707-9835-49A4C6D4C1FC}.Release|x64.ActiveCfg = Release|Any CPU
		{8D361AC7-E654-4707-9835-49A4C6D4C1FC}.Release|x64.Build.0 = Release|Any CPU
		{8D361AC7-E654-4707-9835-49A4C6D4C1FC}.Release|x86.ActiveCfg = Release|Any CPU
		{8D361AC7-E654-4707-9835-49A4C6D4C1FC}.Release|x86.Build.0 = Release|Any CPU
		{D4647B49-2CC4-4048-A9D3-57D1AE7C435E}.Debug|Any CPU.ActiveCfg = Debug|Any CPU
		{D4647B49-2CC4-4048-A9D3-57D1AE7C435E}.Debug|Any CPU.Build.0 = Debug|Any CPU
		{D4647B49-2CC4-4048-A9D3-57D1AE7C435E}.Debug|x64.ActiveCfg = Debug|Any CPU
		{D4647B49-2CC4-4048-A9D3-57D1AE7C435E}.Debug|x64.Build.0 = Debug|Any CPU
		{D4647B49-2CC4-4048-A9D3-57D1AE7C435E}.Debug|x86.ActiveCfg = Debug|Any CPU
		{D4647B49-2CC4-4048-A9D3-57D1AE7C435E}.Debug|x86.Build.0 = Debug|Any CPU
		{D4647B49-2CC4-4048-A9D3-57D1AE7C435E}.Release|Any CPU.ActiveCfg = Release|Any CPU
		{D4647B49-2CC4-4048-A9D3-57D1AE7C435E}.Release|Any CPU.Build.0 = Release|Any CPU
		{D4647B49-2CC4-4048-A9D3-57D1AE7C435E}.Release|x64.ActiveCfg = Release|Any CPU
		{D4647B49-2CC4-4048-A9D3-57D1AE7C435E}.Release|x64.Build.0 = Release|Any CPU
		{D4647B49-2CC4-4048-A9D3-57D1AE7C435E}.Release|x86.ActiveCfg = Release|Any CPU
		{D4647B49-2CC4-4048-A9D3-57D1AE7C435E}.Release|x86.Build.0 = Release|Any CPU
		{ADC8BCA8-B0D2-4AFD-937C-DCD50EF75EC9}.Debug|Any CPU.ActiveCfg = Debug|Any CPU
		{ADC8BCA8-B0D2-4AFD-937C-DCD50EF75EC9}.Debug|Any CPU.Build.0 = Debug|Any CPU
		{ADC8BCA8-B0D2-4AFD-937C-DCD50EF75EC9}.Debug|x64.ActiveCfg = Debug|Any CPU
		{ADC8BCA8-B0D2-4AFD-937C-DCD50EF75EC9}.Debug|x64.Build.0 = Debug|Any CPU
		{ADC8BCA8-B0D2-4AFD-937C-DCD50EF75EC9}.Debug|x86.ActiveCfg = Debug|Any CPU
		{ADC8BCA8-B0D2-4AFD-937C-DCD50EF75EC9}.Debug|x86.Build.0 = Debug|Any CPU
		{ADC8BCA8-B0D2-4AFD-937C-DCD50EF75EC9}.Release|Any CPU.ActiveCfg = Release|Any CPU
		{ADC8BCA8-B0D2-4AFD-937C-DCD50EF75EC9}.Release|Any CPU.Build.0 = Release|Any CPU
		{ADC8BCA8-B0D2-4AFD-937C-DCD50EF75EC9}.Release|x64.ActiveCfg = Release|Any CPU
		{ADC8BCA8-B0D2-4AFD-937C-DCD50EF75EC9}.Release|x64.Build.0 = Release|Any CPU
		{ADC8BCA8-B0D2-4AFD-937C-DCD50EF75EC9}.Release|x86.ActiveCfg = Release|Any CPU
		{ADC8BCA8-B0D2-4AFD-937C-DCD50EF75EC9}.Release|x86.Build.0 = Release|Any CPU
		{4248D77C-00A6-4DCF-97C4-656E543A573B}.Debug|Any CPU.ActiveCfg = Debug|Any CPU
		{4248D77C-00A6-4DCF-97C4-656E543A573B}.Debug|Any CPU.Build.0 = Debug|Any CPU
		{4248D77C-00A6-4DCF-97C4-656E543A573B}.Debug|x64.ActiveCfg = Debug|Any CPU
		{4248D77C-00A6-4DCF-97C4-656E543A573B}.Debug|x64.Build.0 = Debug|Any CPU
		{4248D77C-00A6-4DCF-97C4-656E543A573B}.Debug|x86.ActiveCfg = Debug|Any CPU
		{4248D77C-00A6-4DCF-97C4-656E543A573B}.Debug|x86.Build.0 = Debug|Any CPU
		{4248D77C-00A6-4DCF-97C4-656E543A573B}.Release|Any CPU.ActiveCfg = Release|Any CPU
		{4248D77C-00A6-4DCF-97C4-656E543A573B}.Release|Any CPU.Build.0 = Release|Any CPU
		{4248D77C-00A6-4DCF-97C4-656E543A573B}.Release|x64.ActiveCfg = Release|Any CPU
		{4248D77C-00A6-4DCF-97C4-656E543A573B}.Release|x64.Build.0 = Release|Any CPU
		{4248D77C-00A6-4DCF-97C4-656E543A573B}.Release|x86.ActiveCfg = Release|Any CPU
		{4248D77C-00A6-4DCF-97C4-656E543A573B}.Release|x86.Build.0 = Release|Any CPU
		{B901433A-D9CD-4FF6-9DA8-73152C448CA1}.Debug|Any CPU.ActiveCfg = Debug|Any CPU
		{B901433A-D9CD-4FF6-9DA8-73152C448CA1}.Debug|Any CPU.Build.0 = Debug|Any CPU
		{B901433A-D9CD-4FF6-9DA8-73152C448CA1}.Debug|x64.ActiveCfg = Debug|Any CPU
		{B901433A-D9CD-4FF6-9DA8-73152C448CA1}.Debug|x64.Build.0 = Debug|Any CPU
		{B901433A-D9CD-4FF6-9DA8-73152C448CA1}.Debug|x86.ActiveCfg = Debug|Any CPU
		{B901433A-D9CD-4FF6-9DA8-73152C448CA1}.Debug|x86.Build.0 = Debug|Any CPU
		{B901433A-D9CD-4FF6-9DA8-73152C448CA1}.Release|Any CPU.ActiveCfg = Release|Any CPU
		{B901433A-D9CD-4FF6-9DA8-73152C448CA1}.Release|Any CPU.Build.0 = Release|Any CPU
		{B901433A-D9CD-4FF6-9DA8-73152C448CA1}.Release|x64.ActiveCfg = Release|Any CPU
		{B901433A-D9CD-4FF6-9DA8-73152C448CA1}.Release|x64.Build.0 = Release|Any CPU
		{B901433A-D9CD-4FF6-9DA8-73152C448CA1}.Release|x86.ActiveCfg = Release|Any CPU
		{B901433A-D9CD-4FF6-9DA8-73152C448CA1}.Release|x86.Build.0 = Release|Any CPU
		{3EBBFF2F-DFAA-417D-BF22-A6F0323B0CE6}.Debug|Any CPU.ActiveCfg = Debug|Any CPU
		{3EBBFF2F-DFAA-417D-BF22-A6F0323B0CE6}.Debug|Any CPU.Build.0 = Debug|Any CPU
		{3EBBFF2F-DFAA-417D-BF22-A6F0323B0CE6}.Debug|x64.ActiveCfg = Debug|Any CPU
		{3EBBFF2F-DFAA-417D-BF22-A6F0323B0CE6}.Debug|x64.Build.0 = Debug|Any CPU
		{3EBBFF2F-DFAA-417D-BF22-A6F0323B0CE6}.Debug|x86.ActiveCfg = Debug|Any CPU
		{3EBBFF2F-DFAA-417D-BF22-A6F0323B0CE6}.Debug|x86.Build.0 = Debug|Any CPU
		{3EBBFF2F-DFAA-417D-BF22-A6F0323B0CE6}.Release|Any CPU.ActiveCfg = Release|Any CPU
		{3EBBFF2F-DFAA-417D-BF22-A6F0323B0CE6}.Release|Any CPU.Build.0 = Release|Any CPU
		{3EBBFF2F-DFAA-417D-BF22-A6F0323B0CE6}.Release|x64.ActiveCfg = Release|Any CPU
		{3EBBFF2F-DFAA-417D-BF22-A6F0323B0CE6}.Release|x64.Build.0 = Release|Any CPU
		{3EBBFF2F-DFAA-417D-BF22-A6F0323B0CE6}.Release|x86.ActiveCfg = Release|Any CPU
		{3EBBFF2F-DFAA-417D-BF22-A6F0323B0CE6}.Release|x86.Build.0 = Release|Any CPU
		{579888FE-0559-4D8D-8EA8-6D453E9553E0}.Debug|Any CPU.ActiveCfg = Debug|Any CPU
		{579888FE-0559-4D8D-8EA8-6D453E9553E0}.Debug|Any CPU.Build.0 = Debug|Any CPU
		{579888FE-0559-4D8D-8EA8-6D453E9553E0}.Debug|x64.ActiveCfg = Debug|Any CPU
		{579888FE-0559-4D8D-8EA8-6D453E9553E0}.Debug|x64.Build.0 = Debug|Any CPU
		{579888FE-0559-4D8D-8EA8-6D453E9553E0}.Debug|x86.ActiveCfg = Debug|Any CPU
		{579888FE-0559-4D8D-8EA8-6D453E9553E0}.Debug|x86.Build.0 = Debug|Any CPU
		{579888FE-0559-4D8D-8EA8-6D453E9553E0}.Release|Any CPU.ActiveCfg = Release|Any CPU
		{579888FE-0559-4D8D-8EA8-6D453E9553E0}.Release|Any CPU.Build.0 = Release|Any CPU
		{579888FE-0559-4D8D-8EA8-6D453E9553E0}.Release|x64.ActiveCfg = Release|Any CPU
		{579888FE-0559-4D8D-8EA8-6D453E9553E0}.Release|x64.Build.0 = Release|Any CPU
		{579888FE-0559-4D8D-8EA8-6D453E9553E0}.Release|x86.ActiveCfg = Release|Any CPU
		{579888FE-0559-4D8D-8EA8-6D453E9553E0}.Release|x86.Build.0 = Release|Any CPU
		{794B94F2-B840-45DE-9A75-40C9475CCB6F}.Debug|Any CPU.ActiveCfg = Debug|Any CPU
		{794B94F2-B840-45DE-9A75-40C9475CCB6F}.Debug|Any CPU.Build.0 = Debug|Any CPU
		{794B94F2-B840-45DE-9A75-40C9475CCB6F}.Debug|x64.ActiveCfg = Debug|Any CPU
		{794B94F2-B840-45DE-9A75-40C9475CCB6F}.Debug|x64.Build.0 = Debug|Any CPU
		{794B94F2-B840-45DE-9A75-40C9475CCB6F}.Debug|x86.ActiveCfg = Debug|Any CPU
		{794B94F2-B840-45DE-9A75-40C9475CCB6F}.Debug|x86.Build.0 = Debug|Any CPU
		{794B94F2-B840-45DE-9A75-40C9475CCB6F}.Release|Any CPU.ActiveCfg = Release|Any CPU
		{794B94F2-B840-45DE-9A75-40C9475CCB6F}.Release|Any CPU.Build.0 = Release|Any CPU
		{794B94F2-B840-45DE-9A75-40C9475CCB6F}.Release|x64.ActiveCfg = Release|Any CPU
		{794B94F2-B840-45DE-9A75-40C9475CCB6F}.Release|x64.Build.0 = Release|Any CPU
		{794B94F2-B840-45DE-9A75-40C9475CCB6F}.Release|x86.ActiveCfg = Release|Any CPU
		{794B94F2-B840-45DE-9A75-40C9475CCB6F}.Release|x86.Build.0 = Release|Any CPU
		{0870AF37-32A5-48A4-93C5-450736B8756F}.Debug|Any CPU.ActiveCfg = Debug|Any CPU
		{0870AF37-32A5-48A4-93C5-450736B8756F}.Debug|Any CPU.Build.0 = Debug|Any CPU
		{0870AF37-32A5-48A4-93C5-450736B8756F}.Debug|x64.ActiveCfg = Debug|Any CPU
		{0870AF37-32A5-48A4-93C5-450736B8756F}.Debug|x64.Build.0 = Debug|Any CPU
		{0870AF37-32A5-48A4-93C5-450736B8756F}.Debug|x86.ActiveCfg = Debug|Any CPU
		{0870AF37-32A5-48A4-93C5-450736B8756F}.Debug|x86.Build.0 = Debug|Any CPU
		{0870AF37-32A5-48A4-93C5-450736B8756F}.Release|Any CPU.ActiveCfg = Release|Any CPU
		{0870AF37-32A5-48A4-93C5-450736B8756F}.Release|Any CPU.Build.0 = Release|Any CPU
		{0870AF37-32A5-48A4-93C5-450736B8756F}.Release|x64.ActiveCfg = Release|Any CPU
		{0870AF37-32A5-48A4-93C5-450736B8756F}.Release|x64.Build.0 = Release|Any CPU
		{0870AF37-32A5-48A4-93C5-450736B8756F}.Release|x86.ActiveCfg = Release|Any CPU
		{0870AF37-32A5-48A4-93C5-450736B8756F}.Release|x86.Build.0 = Release|Any CPU
		{C9D9F253-DFAF-4817-B79C-D68D684F2CF0}.Debug|Any CPU.ActiveCfg = Debug|Any CPU
		{C9D9F253-DFAF-4817-B79C-D68D684F2CF0}.Debug|Any CPU.Build.0 = Debug|Any CPU
		{C9D9F253-DFAF-4817-B79C-D68D684F2CF0}.Debug|x64.ActiveCfg = Debug|Any CPU
		{C9D9F253-DFAF-4817-B79C-D68D684F2CF0}.Debug|x64.Build.0 = Debug|Any CPU
		{C9D9F253-DFAF-4817-B79C-D68D684F2CF0}.Debug|x86.ActiveCfg = Debug|Any CPU
		{C9D9F253-DFAF-4817-B79C-D68D684F2CF0}.Debug|x86.Build.0 = Debug|Any CPU
		{C9D9F253-DFAF-4817-B79C-D68D684F2CF0}.Release|Any CPU.ActiveCfg = Release|Any CPU
		{C9D9F253-DFAF-4817-B79C-D68D684F2CF0}.Release|Any CPU.Build.0 = Release|Any CPU
		{C9D9F253-DFAF-4817-B79C-D68D684F2CF0}.Release|x64.ActiveCfg = Release|Any CPU
		{C9D9F253-DFAF-4817-B79C-D68D684F2CF0}.Release|x64.Build.0 = Release|Any CPU
		{C9D9F253-DFAF-4817-B79C-D68D684F2CF0}.Release|x86.ActiveCfg = Release|Any CPU
		{C9D9F253-DFAF-4817-B79C-D68D684F2CF0}.Release|x86.Build.0 = Release|Any CPU
		{F211935A-0B9E-4826-8B38-A757DC759E9B}.Debug|Any CPU.ActiveCfg = Debug|Any CPU
		{F211935A-0B9E-4826-8B38-A757DC759E9B}.Debug|Any CPU.Build.0 = Debug|Any CPU
		{F211935A-0B9E-4826-8B38-A757DC759E9B}.Debug|x64.ActiveCfg = Debug|Any CPU
		{F211935A-0B9E-4826-8B38-A757DC759E9B}.Debug|x64.Build.0 = Debug|Any CPU
		{F211935A-0B9E-4826-8B38-A757DC759E9B}.Debug|x86.ActiveCfg = Debug|Any CPU
		{F211935A-0B9E-4826-8B38-A757DC759E9B}.Debug|x86.Build.0 = Debug|Any CPU
		{F211935A-0B9E-4826-8B38-A757DC759E9B}.Release|Any CPU.ActiveCfg = Release|Any CPU
		{F211935A-0B9E-4826-8B38-A757DC759E9B}.Release|Any CPU.Build.0 = Release|Any CPU
		{F211935A-0B9E-4826-8B38-A757DC759E9B}.Release|x64.ActiveCfg = Release|Any CPU
		{F211935A-0B9E-4826-8B38-A757DC759E9B}.Release|x64.Build.0 = Release|Any CPU
		{F211935A-0B9E-4826-8B38-A757DC759E9B}.Release|x86.ActiveCfg = Release|Any CPU
		{F211935A-0B9E-4826-8B38-A757DC759E9B}.Release|x86.Build.0 = Release|Any CPU
		{F09DDE46-E9F1-442F-963B-342832026CAC}.Debug|Any CPU.ActiveCfg = Debug|Any CPU
		{F09DDE46-E9F1-442F-963B-342832026CAC}.Debug|Any CPU.Build.0 = Debug|Any CPU
		{F09DDE46-E9F1-442F-963B-342832026CAC}.Debug|x64.ActiveCfg = Debug|Any CPU
		{F09DDE46-E9F1-442F-963B-342832026CAC}.Debug|x64.Build.0 = Debug|Any CPU
		{F09DDE46-E9F1-442F-963B-342832026CAC}.Debug|x86.ActiveCfg = Debug|Any CPU
		{F09DDE46-E9F1-442F-963B-342832026CAC}.Debug|x86.Build.0 = Debug|Any CPU
		{F09DDE46-E9F1-442F-963B-342832026CAC}.Release|Any CPU.ActiveCfg = Release|Any CPU
		{F09DDE46-E9F1-442F-963B-342832026CAC}.Release|Any CPU.Build.0 = Release|Any CPU
		{F09DDE46-E9F1-442F-963B-342832026CAC}.Release|x64.ActiveCfg = Release|Any CPU
		{F09DDE46-E9F1-442F-963B-342832026CAC}.Release|x64.Build.0 = Release|Any CPU
		{F09DDE46-E9F1-442F-963B-342832026CAC}.Release|x86.ActiveCfg = Release|Any CPU
		{F09DDE46-E9F1-442F-963B-342832026CAC}.Release|x86.Build.0 = Release|Any CPU
	EndGlobalSection
	GlobalSection(SolutionProperties) = preSolution
		HideSolutionNode = FALSE
	EndGlobalSection
	GlobalSection(NestedProjects) = preSolution
		{36D88302-AC8A-4206-B8E4-A3F28F10F5DD} = {4F52FD11-658E-A102-6CD3-7D7C16FFA15B}
		{96888889-FC81-1FD9-7DA3-65FF32B7E052} = {5854FF58-B8C5-05C6-5BF2-ACE42193F22B}
		{6618F043-80CE-416F-A441-A7FC0F8D586D} = {96888889-FC81-1FD9-7DA3-65FF32B7E052}
		{9DD0DCCC-7100-4260-89EA-B4F2862CFB12} = {96888889-FC81-1FD9-7DA3-65FF32B7E052}
		{9478BF78-A592-454B-955F-0489E3A4139D} = {96888889-FC81-1FD9-7DA3-65FF32B7E052}
		{6AC384B0-66F8-4F5E-929E-9D93DBC5E9C4} = {96888889-FC81-1FD9-7DA3-65FF32B7E052}
		{31FA815E-F168-7AB5-A26E-1E1772BBBCDE} = {5854FF58-B8C5-05C6-5BF2-ACE42193F22B}
		{1C26DA04-E8B0-4D4E-ABDE-FF55C5B34B68} = {31FA815E-F168-7AB5-A26E-1E1772BBBCDE}
		{6B09094E-9E07-43EE-8303-B2678D49D03F} = {31FA815E-F168-7AB5-A26E-1E1772BBBCDE}
		{24D7872D-1DEE-49A9-A82D-A754F30F11A5} = {31FA815E-F168-7AB5-A26E-1E1772BBBCDE}
		{CD8BBF78-F19B-4E23-9508-809CE5DC0C75} = {31FA815E-F168-7AB5-A26E-1E1772BBBCDE}
		{16BB7A42-BB31-4992-D7A5-5FE8F1DC5C4F} = {5854FF58-B8C5-05C6-5BF2-ACE42193F22B}
		{8D361AC7-E654-4707-9835-49A4C6D4C1FC} = {16BB7A42-BB31-4992-D7A5-5FE8F1DC5C4F}
		{D4647B49-2CC4-4048-A9D3-57D1AE7C435E} = {16BB7A42-BB31-4992-D7A5-5FE8F1DC5C4F}
		{ADC8BCA8-B0D2-4AFD-937C-DCD50EF75EC9} = {16BB7A42-BB31-4992-D7A5-5FE8F1DC5C4F}
		{4248D77C-00A6-4DCF-97C4-656E543A573B} = {16BB7A42-BB31-4992-D7A5-5FE8F1DC5C4F}
		{FB716142-CC49-DC54-6F89-8C8D1C4C27A9} = {5854FF58-B8C5-05C6-5BF2-ACE42193F22B}
		{B901433A-D9CD-4FF6-9DA8-73152C448CA1} = {FB716142-CC49-DC54-6F89-8C8D1C4C27A9}
		{3EBBFF2F-DFAA-417D-BF22-A6F0323B0CE6} = {FB716142-CC49-DC54-6F89-8C8D1C4C27A9}
		{579888FE-0559-4D8D-8EA8-6D453E9553E0} = {FB716142-CC49-DC54-6F89-8C8D1C4C27A9}
		{794B94F2-B840-45DE-9A75-40C9475CCB6F} = {FB716142-CC49-DC54-6F89-8C8D1C4C27A9}
	EndGlobalSection
EndGlobal
